
Microsoft Visual Studio Solution File, Format Version 12.00
# Visual Studio Version 17
VisualStudioVersion = 17.5.33516.290
MinimumVisualStudioVersion = 10.0.40219.1
Project("{8BC9CEB8-8B4A-11D0-8D11-00A0C91BC942}") = "StringAsPointer", "StringAsPointer\StringAsPointer.vcxproj", "{7F500E2D-8859-4F5B-84BE-A8C4F53A41A6}"
EndProject
Global
	GlobalSection(SolutionConfigurationPlatforms) = preSolution
		Debug|x64 = Debug|x64
		Debug|x86 = Debug|x86
		Release|x64 = Release|x64
		Release|x86 = Release|x86
	EndGlobalSection
	GlobalSection(ProjectConfigurationPlatforms) = postSolution
		{7F500E2D-8859-4F5B-84BE-A8C4F53A41A6}.Debug|x64.ActiveCfg = Debug|x64
		{7F500E2D-8859-4F5B-84BE-A8C4F53A41A6}.Debug|x64.Build.0 = Debug|x64
		{7F500E2D-8859-4F5B-84BE-A8C4F53A41A6}.Debug|x86.ActiveCfg = Debug|Win32
		{7F500E2D-8859-4F5B-84BE-A8C4F53A41A6}.Debug|x86.Build.0 = Debug|Win32
		{7F500E2D-8859-4F5B-84BE-A8C4F53A41A6}.Release|x64.ActiveCfg = Release|x64
		{7F500E2D-8859-4F5B-84BE-A8C4F53A41A6}.Release|x64.Build.0 = Release|x64
		{7F500E2D-8859-4F5B-84BE-A8C4F53A41A6}.Release|x86.ActiveCfg = Release|Win32
		{7F500E2D-8859-4F5B-84BE-A8C4F53A41A6}.Release|x86.Build.0 = Release|Win32
	EndGlobalSection
	GlobalSection(SolutionProperties) = preSolution
		HideSolutionNode = FALSE
	EndGlobalSection
	GlobalSection(ExtensibilityGlobals) = postSolution
		SolutionGuid = {DCCA6ABD-7A7F-4DB1-8FC1-0ABE2E4A36B7}
	EndGlobalSection
EndGlobal
