
Microsoft Visual Studio Solution File, Format Version 12.00
# Visual Studio Version 17
VisualStudioVersion = 17.5.33516.290
MinimumVisualStudioVersion = 10.0.40219.1
Project("{8BC9CEB8-8B4A-11D0-8D11-00A0C91BC942}") = "MaxOfThree", "MaxOfThree\MaxOfThree.vcxproj", "{CB906DAA-4BFE-4504-A8BE-69C9B2131062}"
EndProject
Global
	GlobalSection(SolutionConfigurationPlatforms) = preSolution
		Debug|x64 = Debug|x64
		Debug|x86 = Debug|x86
		Release|x64 = Release|x64
		Release|x86 = Release|x86
	EndGlobalSection
	GlobalSection(ProjectConfigurationPlatforms) = postSolution
		{CB906DAA-4BFE-4504-A8BE-69C9B2131062}.Debug|x64.ActiveCfg = Debug|x64
		{CB906DAA-4BFE-4504-A8BE-69C9B2131062}.Debug|x64.Build.0 = Debug|x64
		{CB906DAA-4BFE-4504-A8BE-69C9B2131062}.Debug|x86.ActiveCfg = Debug|Win32
		{CB906DAA-4BFE-4504-A8BE-69C9B2131062}.Debug|x86.Build.0 = Debug|Win32
		{CB906DAA-4BFE-4504-A8BE-69C9B2131062}.Release|x64.ActiveCfg = Release|x64
		{CB906DAA-4BFE-4504-A8BE-69C9B2131062}.Release|x64.Build.0 = Release|x64
		{CB906DAA-4BFE-4504-A8BE-69C9B2131062}.Release|x86.ActiveCfg = Release|Win32
		{CB906DAA-4BFE-4504-A8BE-69C9B2131062}.Release|x86.Build.0 = Release|Win32
	EndGlobalSection
	GlobalSection(SolutionProperties) = preSolution
		HideSolutionNode = FALSE
	EndGlobalSection
	GlobalSection(ExtensibilityGlobals) = postSolution
		SolutionGuid = {E4D971F4-1E1A-4C6F-A144-AC37A251C01D}
	EndGlobalSection
EndGlobal
